
Microsoft Visual Studio Solution File, Format Version 12.00
# Visual Studio Version 16
VisualStudioVersion = 16.0.31729.503
MinimumVisualStudioVersion = 10.0.40219.1
Project("{8BC9CEB8-8B4A-11D0-8D11-00A0C91BC942}") = "OpenGLLearn", "OpenGLLearn\OpenGLLearn.vcxproj", "{0ABD6C76-6009-418D-81F0-2D0F0D725916}"
EndProject
Project("{8BC9CEB8-8B4A-11D0-8D11-00A0C91BC942}") = "OpenGLLearn1", "OpenGLLearn1\OpenGLLearn1.vcxproj", "{E91102B2-F426-4D99-8809-86F94F96C78F}"
EndProject
Project("{8BC9CEB8-8B4A-11D0-8D11-00A0C91BC942}") = "OpenGLLearn2", "OpenGLLearn2\OpenGLLearn2.vcxproj", "{2981C317-7164-445D-AC2E-A1E6D1564BDC}"
EndProject
Project("{8BC9CEB8-8B4A-11D0-8D11-00A0C91BC942}") = "OpenGLLearn_glm", "OpenGLLearn_glm\OpenGLLearn_glm.vcxproj", "{972AAB39-464A-4071-9689-0DFFF236FB54}"
EndProject
Global
	GlobalSection(SolutionConfigurationPlatforms) = preSolution
		Debug|x64 = Debug|x64
		Debug|x86 = Debug|x86
		Release|x64 = Release|x64
		Release|x86 = Release|x86
	EndGlobalSection
	GlobalSection(ProjectConfigurationPlatforms) = postSolution
		{0ABD6C76-6009-418D-81F0-2D0F0D725916}.Debug|x64.ActiveCfg = Debug|x64
		{0ABD6C76-6009-418D-81F0-2D0F0D725916}.Debug|x64.Build.0 = Debug|x64
		{0ABD6C76-6009-418D-81F0-2D0F0D725916}.Debug|x86.ActiveCfg = Debug|Win32
		{0ABD6C76-6009-418D-81F0-2D0F0D725916}.Debug|x86.Build.0 = Debug|Win32
		{0ABD6C76-6009-418D-81F0-2D0F0D725916}.Release|x64.ActiveCfg = Release|x64
		{0ABD6C76-6009-418D-81F0-2D0F0D725916}.Release|x64.Build.0 = Release|x64
		{0ABD6C76-6009-418D-81F0-2D0F0D725916}.Release|x86.ActiveCfg = Release|Win32
		{0ABD6C76-6009-418D-81F0-2D0F0D725916}.Release|x86.Build.0 = Release|Win32
		{E91102B2-F426-4D99-8809-86F94F96C78F}.Debug|x64.ActiveCfg = Debug|x64
		{E91102B2-F426-4D99-8809-86F94F96C78F}.Debug|x64.Build.0 = Debug|x64
		{E91102B2-F426-4D99-8809-86F94F96C78F}.Debug|x86.ActiveCfg = Debug|Win32
		{E91102B2-F426-4D99-8809-86F94F96C78F}.Debug|x86.Build.0 = Debug|Win32
		{E91102B2-F426-4D99-8809-86F94F96C78F}.Release|x64.ActiveCfg = Release|x64
		{E91102B2-F426-4D99-8809-86F94F96C78F}.Release|x64.Build.0 = Release|x64
		{E91102B2-F426-4D99-8809-86F94F96C78F}.Release|x86.ActiveCfg = Release|Win32
		{E91102B2-F426-4D99-8809-86F94F96C78F}.Release|x86.Build.0 = Release|Win32
		{2981C317-7164-445D-AC2E-A1E6D1564BDC}.Debug|x64.ActiveCfg = Debug|x64
		{2981C317-7164-445D-AC2E-A1E6D1564BDC}.Debug|x64.Build.0 = Debug|x64
		{2981C317-7164-445D-AC2E-A1E6D1564BDC}.Debug|x86.ActiveCfg = Debug|Win32
		{2981C317-7164-445D-AC2E-A1E6D1564BDC}.Debug|x86.Build.0 = Debug|Win32
		{2981C317-7164-445D-AC2E-A1E6D1564BDC}.Release|x64.ActiveCfg = Release|x64
		{2981C317-7164-445D-AC2E-A1E6D1564BDC}.Release|x64.Build.0 = Release|x64
		{2981C317-7164-445D-AC2E-A1E6D1564BDC}.Release|x86.ActiveCfg = Release|Win32
		{2981C317-7164-445D-AC2E-A1E6D1564BDC}.Release|x86.Build.0 = Release|Win32
		{972AAB39-464A-4071-9689-0DFFF236FB54}.Debug|x64.ActiveCfg = Debug|x64
		{972AAB39-464A-4071-9689-0DFFF236FB54}.Debug|x64.Build.0 = Debug|x64
		{972AAB39-464A-4071-9689-0DFFF236FB54}.Debug|x86.ActiveCfg = Debug|Win32
		{972AAB39-464A-4071-9689-0DFFF236FB54}.Debug|x86.Build.0 = Debug|Win32
		{972AAB39-464A-4071-9689-0DFFF236FB54}.Release|x64.ActiveCfg = Release|x64
		{972AAB39-464A-4071-9689-0DFFF236FB54}.Release|x64.Build.0 = Release|x64
		{972AAB39-464A-4071-9689-0DFFF236FB54}.Release|x86.ActiveCfg = Release|Win32
		{972AAB39-464A-4071-9689-0DFFF236FB54}.Release|x86.Build.0 = Release|Win32
	EndGlobalSection
	GlobalSection(SolutionProperties) = preSolution
		HideSolutionNode = FALSE
	EndGlobalSection
	GlobalSection(ExtensibilityGlobals) = postSolution
		SolutionGuid = {769994E3-65EA-4743-A85A-5CD85CA02C6A}
	EndGlobalSection
EndGlobal
